lockfileVersion: '9.0'

settings:
  autoInstallPeers: true
  excludeLinksFromLockfile: false

importers:

  .:
    dependencies:
      '@bmqube/xmlrpc':
        specifier: ^0.0.8
        version: 0.0.8
      '@types/node':
        specifier: ^24.3.0
        version: 24.3.0
    devDependencies:
      typescript:
        specifier: 5.5.4
        version: 5.5.4

packages:

  '@bmqube/xmlrpc@0.0.8':
    resolution: {integrity: sha512-b9xvZDA92qbylJ/ltEDcY1dXRqxVQDUQA89Ikk5WBmYX9WewyKUJIUNu7KaovmmipgKTDi3eeOSlhkirqZf3qA==}

  '@types/node@24.3.0':
    resolution: {integrity: sha512-aPTXCrfwnDLj4VvXrm+UUCQjNEvJgNA8s5F1cvwQU+3KNltTOkBm1j30uNLyqqPNe7gE3KFzImYoZEfLhp4Yow==}

  sax@1.2.4:
    resolution: {integrity: sha512-NqVDv9TpANUjFm0N8uM5GxL36UgKi9/atZw+x7YFnQ8ckwFGKrl4xX4yWtrey3UJm5nP1kUbnYgLopqWNSRhWw==}

  typescript@5.5.4:
    resolution: {integrity: sha512-Mtq29sKDAEYP7aljRgtPOpTvOfbwRWlS6dPRzwjdE+C0R4brX/GUyhHSecbHMFLNBLcJIPt9nl9yG5TZ1weH+Q==}
    engines: {node: '>=14.17'}
    hasBin: true

  undici-types@7.10.0:
    resolution: {integrity: sha512-t5Fy/nfn+14LuOc2KNYg75vZqClpAiqscVvMygNnlsHBFpSXdJaYtXMcdNLpl/Qvc3P2cB3s6lOV51nqsFq4ag==}

  xmlbuilder@8.2.2:
    resolution: {integrity: sha512-eKRAFz04jghooy8muekqzo8uCSVNeyRedbuJrp0fovbLIi7wlsYtdUn3vBAAPq2Y3/0xMz2WMEUQ8yhVVO9Stw==}
    engines: {node: '>=4.0'}

snapshots:

  '@bmqube/xmlrpc@0.0.8':
    dependencies:
      sax: 1.2.4
      xmlbuilder: 8.2.2

  '@types/node@24.3.0':
    dependencies:
      undici-types: 7.10.0

  sax@1.2.4: {}

  typescript@5.5.4: {}

  undici-types@7.10.0: {}

  xmlbuilder@8.2.2: {}
